
Microsoft Visual Studio Solution File, Format Version 12.00
# Visual Studio Version 17
VisualStudioVersion = 17.4.33213.308
MinimumVisualStudioVersion = 10.0.40219.1
Project("{FAE04EC0-301F-11D3-BF4B-00C04F79EFBC}") = "Lexcrop_Management_Studio", "Lexcrop_Management_Studio\Lexcrop_Management_Studio.csproj", "{B788EA54-4BE4-4CBE-81B0-66B55DB1A95D}"
EndProject
Global
	GlobalSection(SolutionConfigurationPlatforms) = preSolution
		Debug|Any CPU = Debug|Any CPU
		Release|Any CPU = Release|Any CPU
	EndGlobalSection
	GlobalSection(ProjectConfigurationPlatforms) = postSolution
		{B788EA54-4BE4-4CBE-81B0-66B55DB1A95D}.Debug|Any CPU.ActiveCfg = Debug|Any CPU
		{B788EA54-4BE4-4CBE-81B0-66B55DB1A95D}.Debug|Any CPU.Build.0 = Debug|Any CPU
		{B788EA54-4BE4-4CBE-81B0-66B55DB1A95D}.Release|Any CPU.ActiveCfg = Release|Any CPU
		{B788EA54-4BE4-4CBE-81B0-66B55DB1A95D}.Release|Any CPU.Build.0 = Release|Any CPU
	EndGlobalSection
	GlobalSection(SolutionProperties) = preSolution
		HideSolutionNode = FALSE
	EndGlobalSection
	GlobalSection(ExtensibilityGlobals) = postSolution
		SolutionGuid = {2C962AFF-A149-4373-9B9A-46628C6EC8A0}
	EndGlobalSection
EndGlobal
